PODS:
  - Flutter (1.0.0)
  - store_redirect (0.0.1):
    - Flutter

DEPENDENCIES:
  - Flutter (from `Flutter`)
  - store_redirect (from `.symlinks/plugins/store_redirect/ios`)

EXTERNAL SOURCES:
  Flutter:
    :path: Flutter
  store_redirect:
    :path: ".symlinks/plugins/store_redirect/ios"

SPEC CHECKSUMS:
  Flutter: f04841e97a9d0b0a8025694d0796dd46242b2854
  store_redirect: 2977747cf81689a39bd62c248c2deacb7a0d131e

PODFILE CHECKSUM: f71d1c4dd615fe1ce37e3f37155c81c226072ad7

COCOAPODS: 1.12.1
